
Microsoft Visual Studio Solution File, Format Version 12.00
# Visual Studio Version 16
VisualStudioVersion = 16.0.31019.194
MinimumVisualStudioVersion = 10.0.40219.1
Project("{9A19103F-16F7-4668-BE54-9A1E7A4F7556}") = "Groffe.Distancias.Testes", "Groffe.Distancias.Testes.csproj", "{599EEE85-1287-4E6D-9C53-A3DCBDEC608C}"
EndProject
Project("{9A19103F-16F7-4668-BE54-9A1E7A4F7556}") = "Groffe.Distancias", "..\Groffe.Distancias\Groffe.Distancias.csproj", "{90437A37-4677-4595-ABAC-99AC5249C471}"
EndProject
Global
	GlobalSection(SolutionConfigurationPlatforms) = preSolution
		Debug|Any CPU = Debug|Any CPU
		Release|Any CPU = Release|Any CPU
	EndGlobalSection
	GlobalSection(ProjectConfigurationPlatforms) = postSolution
		{599EEE85-1287-4E6D-9C53-A3DCBDEC608C}.Debug|Any CPU.ActiveCfg = Debug|Any CPU
		{599EEE85-1287-4E6D-9C53-A3DCBDEC608C}.Debug|Any CPU.Build.0 = Debug|Any CPU
		{599EEE85-1287-4E6D-9C53-A3DCBDEC608C}.Release|Any CPU.ActiveCfg = Release|Any CPU
		{599EEE85-1287-4E6D-9C53-A3DCBDEC608C}.Release|Any CPU.Build.0 = Release|Any CPU
		{90437A37-4677-4595-ABAC-99AC5249C471}.Debug|Any CPU.ActiveCfg = Debug|Any CPU
		{90437A37-4677-4595-ABAC-99AC5249C471}.Debug|Any CPU.Build.0 = Debug|Any CPU
		{90437A37-4677-4595-ABAC-99AC5249C471}.Release|Any CPU.ActiveCfg = Release|Any CPU
		{90437A37-4677-4595-ABAC-99AC5249C471}.Release|Any CPU.Build.0 = Release|Any CPU
	EndGlobalSection
	GlobalSection(SolutionProperties) = preSolution
		HideSolutionNode = FALSE
	EndGlobalSection
	GlobalSection(ExtensibilityGlobals) = postSolution
		SolutionGuid = {9ECBCE53-13BE-43E2-857B-42DADDAFFB11}
	EndGlobalSection
EndGlobal
